
Microsoft Visual Studio Solution File, Format Version 12.00
# Visual Studio Version 17
VisualStudioVersion = 17.10.34916.146
MinimumVisualStudioVersion = 10.0.40219.1
Project("{FAE04EC0-301F-11D3-BF4B-00C04F79EFBC}") = "GraphQlAPI", "GraphQlAPI\GraphQlAPI.csproj", "{D383502C-4CB6-4B54-8A89-7130C4CE9B36}"
EndProject
Global
	GlobalSection(SolutionConfigurationPlatforms) = preSolution
		Debug|Any CPU = Debug|Any CPU
		Release|Any CPU = Release|Any CPU
	EndGlobalSection
	GlobalSection(ProjectConfigurationPlatforms) = postSolution
		{D383502C-4CB6-4B54-8A89-7130C4CE9B36}.Debug|Any CPU.ActiveCfg = Debug|Any CPU
		{D383502C-4CB6-4B54-8A89-7130C4CE9B36}.Debug|Any CPU.Build.0 = Debug|Any CPU
		{D383502C-4CB6-4B54-8A89-7130C4CE9B36}.Release|Any CPU.ActiveCfg = Release|Any CPU
		{D383502C-4CB6-4B54-8A89-7130C4CE9B36}.Release|Any CPU.Build.0 = Release|Any CPU
	EndGlobalSection
	GlobalSection(SolutionProperties) = preSolution
		HideSolutionNode = FALSE
	EndGlobalSection
	GlobalSection(ExtensibilityGlobals) = postSolution
		SolutionGuid = {13552232-2C84-4658-B722-809C760543F9}
	EndGlobalSection
EndGlobal
